PODS:
  - Alamofire (1.2.1)
  - KeychainAccess (1.2.0)
  - KHAForm (0.1.6)
  - ObjectMapper (0.11)
  - SwiftyJSON (2.2.0)

DEPENDENCIES:
  - Alamofire
  - KeychainAccess
  - KHAForm
  - ObjectMapper
  - SwiftyJSON

SPEC CHECKSUMS:
  Alamofire: 1acfdf179aff68b41a48dff70c1ac7fa263e2bcb
  KeychainAccess: 6ff20bd4990b4840d8bde4e977f8c58e0fe7f3c1
  KHAForm: 7ee85567be3f677e6f7d453de62e87a3a8568e55
  ObjectMapper: fc34b29bb04086ed831174a01c8310b507a6ba25
  SwiftyJSON: 0b3e6c07af17ff745e77e8e9984097b55c956e5c

COCOAPODS: 0.36.4
