// !$*UTF8*$!
{
	archiveVersion = 1;
	classes = {
	};
	objectVersion = 46;
	objects = {

/* Begin PBXBuildFile section */
		55A5AAC71ACD0FDF00BA6140 /* EntryListTableViewDataSource.swift in Sources */ = {isa = PBXBuildFile; fileRef = 55A5AAC61ACD0FDF00BA6140 /* EntryListTableViewDataSource.swift */; };
		55A5AACA1ACD14EC00BA6140 /* EntryDetailView.swift in Sources */ = {isa = PBXBuildFile; fileRef = 55A5AAC91ACD14EC00BA6140 /* EntryDetailView.swift */; };
		55A5AAD51ACD21F600BA6140 /* KHAButtonFormCell.swift in Sources */ = {isa = PBXBuildFile; fileRef = 55A5AACC1ACD21F600BA6140 /* KHAButtonFormCell.swift */; };
		55A5AAD61ACD21F600BA6140 /* KHADateFormCell.swift in Sources */ = {isa = PBXBuildFile; fileRef = 55A5AACD1ACD21F600BA6140 /* KHADateFormCell.swift */; };
		55A5AAD71ACD21F600BA6140 /* KHADatePickerFormCell.swift in Sources */ = {isa = PBXBuildFile; fileRef = 55A5AACE1ACD21F600BA6140 /* KHADatePickerFormCell.swift */; };
		55A5AAD81ACD21F600BA6140 /* KHAForm.swift in Sources */ = {isa = PBXBuildFile; fileRef = 55A5AACF1ACD21F600BA6140 /* KHAForm.swift */; };
		55A5AAD91ACD21F600BA6140 /* KHAFormCell.swift in Sources */ = {isa = PBXBuildFile; fileRef = 55A5AAD01ACD21F600BA6140 /* KHAFormCell.swift */; };
		55A5AADA1ACD21F600BA6140 /* KHASegmentedControlFormCell.swift in Sources */ = {isa = PBXBuildFile; fileRef = 55A5AAD11ACD21F600BA6140 /* KHASegmentedControlFormCell.swift */; };
		55A5AADB1ACD21F600BA6140 /* KHASwitchFormCell.swift in Sources */ = {isa = PBXBuildFile; fileRef = 55A5AAD21ACD21F600BA6140 /* KHASwitchFormCell.swift */; };
		55A5AADC1ACD21F600BA6140 /* KHATextFieldFormCell.swift in Sources */ = {isa = PBXBuildFile; fileRef = 55A5AAD31ACD21F600BA6140 /* KHATextFieldFormCell.swift */; };
		55A5AADD1ACD21F600BA6140 /* KHATextViewFormCell.swift in Sources */ = {isa = PBXBuildFile; fileRef = 55A5AAD41ACD21F600BA6140 /* KHATextViewFormCell.swift */; };
		55A5AAE01ACD221D00BA6140 /* EntryCreationForm.swift in Sources */ = {isa = PBXBuildFile; fileRef = 55A5AADF1ACD221D00BA6140 /* EntryCreationForm.swift */; };
		55A5AAE21ACD3C3C00BA6140 /* EntryEditForm.swift in Sources */ = {isa = PBXBuildFile; fileRef = 55A5AAE11ACD3C3C00BA6140 /* EntryEditForm.swift */; };
		55A5AAE41ACE5C8900BA6140 /* Alert.swift in Sources */ = {isa = PBXBuildFile; fileRef = 55A5AAE31ACE5C8900BA6140 /* Alert.swift */; };
		55D016A61AABDC7500910B71 /* AppDelegate.swift in Sources */ = {isa = PBXBuildFile; fileRef = 55D016A51AABDC7500910B71 /* AppDelegate.swift */; };
		55D016A81AABDC7500910B71 /* EntryListTableViewController.swift in Sources */ = {isa = PBXBuildFile; fileRef = 55D016A71AABDC7500910B71 /* EntryListTableViewController.swift */; };
		55D016AA1AABDC7500910B71 /* EntryDetailViewController.swift in Sources */ = {isa = PBXBuildFile; fileRef = 55D016A91AABDC7500910B71 /* EntryDetailViewController.swift */; };
		55D016AF1AABDC7500910B71 /* Images.xcassets in Resources */ = {isa = PBXBuildFile; fileRef = 55D016AE1AABDC7500910B71 /* Images.xcassets */; };
		55D016B21AABDC7500910B71 /* LaunchScreen.xib in Resources */ = {isa = PBXBuildFile; fileRef = 55D016B01AABDC7500910B71 /* LaunchScreen.xib */; };
		55D016BE1AABDC7500910B71 /* HTTP_Networking_sample_ios_swiftTests.swift in Sources */ = {isa = PBXBuildFile; fileRef = 55D016BD1AABDC7500910B71 /* HTTP_Networking_sample_ios_swiftTests.swift */; };
		55D016CA1AABE41400910B71 /* Request.swift in Sources */ = {isa = PBXBuildFile; fileRef = 55D016C91AABE41400910B71 /* Request.swift */; };
		55D016CC1AABE5F800910B71 /* Entry.swift in Sources */ = {isa = PBXBuildFile; fileRef = 55D016CB1AABE5F800910B71 /* Entry.swift */; };
		7E054F26FFBFCC865DC9763A /* Pods.framework in Frameworks */ = {isa = PBXBuildFile; fileRef = 4E8CF50653382B768988926D /* Pods.framework */; settings = {ATTRIBUTES = (Weak, ); }; };
/* End PBXBuildFile section */

/* Begin PBXContainerItemProxy section */
		55D016B81AABDC7500910B71 /* PBXContainerItemProxy */ = {
			isa = PBXContainerItemProxy;
			containerPortal = 55D016981AABDC7500910B71 /* Project object */;
			proxyType = 1;
			remoteGlobalIDString = 55D0169F1AABDC7500910B71;
			remoteInfo = HTTP_Networking_sample_ios_swift;
		};
/* End PBXContainerItemProxy section */

/* Begin PBXFileReference section */
		02FEB7F3244E93D038C9F074 /* Pods.release.xcconfig */ = {isa = PBXFileReference; includeInIndex = 1; lastKnownFileType = text.xcconfig; name = Pods.release.xcconfig; path = "Pods/Target Support Files/Pods/Pods.release.xcconfig"; sourceTree = "<group>"; };
		4E8CF50653382B768988926D /* Pods.framework */ = {isa = PBXFileReference; explicitFileType = wrapper.framework; includeInIndex = 0; path = Pods.framework; sourceTree = BUILT_PRODUCTS_DIR; };
		55A5AAC61ACD0FDF00BA6140 /* EntryListTableViewDataSource.swift */ = {isa = PBXFileReference; fileEncoding = 4; lastKnownFileType = sourcecode.swift; path = EntryListTableViewDataSource.swift; sourceTree = "<group>"; };
		55A5AAC91ACD14EC00BA6140 /* EntryDetailView.swift */ = {isa = PBXFileReference; fileEncoding = 4; lastKnownFileType = sourcecode.swift; path = EntryDetailView.swift; sourceTree = "<group>"; };
		55A5AACC1ACD21F600BA6140 /* KHAButtonFormCell.swift */ = {isa = PBXFileReference; fileEncoding = 4; lastKnownFileType = sourcecode.swift; path = KHAButtonFormCell.swift; sourceTree = "<group>"; };
		55A5AACD1ACD21F600BA6140 /* KHADateFormCell.swift */ = {isa = PBXFileReference; fileEncoding = 4; lastKnownFileType = sourcecode.swift; path = KHADateFormCell.swift; sourceTree = "<group>"; };
		55A5AACE1ACD21F600BA6140 /* KHADatePickerFormCell.swift */ = {isa = PBXFileReference; fileEncoding = 4; lastKnownFileType = sourcecode.swift; path = KHADatePickerFormCell.swift; sourceTree = "<group>"; };
		55A5AACF1ACD21F600BA6140 /* KHAForm.swift */ = {isa = PBXFileReference; fileEncoding = 4; lastKnownFileType = sourcecode.swift; path = KHAForm.swift; sourceTree = "<group>"; };
		55A5AAD01ACD21F600BA6140 /* KHAFormCell.swift */ = {isa = PBXFileReference; fileEncoding = 4; lastKnownFileType = sourcecode.swift; path = KHAFormCell.swift; sourceTree = "<group>"; };
		55A5AAD11ACD21F600BA6140 /* KHASegmentedControlFormCell.swift */ = {isa = PBXFileReference; fileEncoding = 4; lastKnownFileType = sourcecode.swift; path = KHASegmentedControlFormCell.swift; sourceTree = "<group>"; };
		55A5AAD21ACD21F600BA6140 /* KHASwitchFormCell.swift */ = {isa = PBXFileReference; fileEncoding = 4; lastKnownFileType = sourcecode.swift; path = KHASwitchFormCell.swift; sourceTree = "<group>"; };
		55A5AAD31ACD21F600BA6140 /* KHATextFieldFormCell.swift */ = {isa = PBXFileReference; fileEncoding = 4; lastKnownFileType = sourcecode.swift; path = KHATextFieldFormCell.swift; sourceTree = "<group>"; };
		55A5AAD41ACD21F600BA6140 /* KHATextViewFormCell.swift */ = {isa = PBXFileReference; fileEncoding = 4; lastKnownFileType = sourcecode.swift; path = KHATextViewFormCell.swift; sourceTree = "<group>"; };
		55A5AADF1ACD221D00BA6140 /* EntryCreationForm.swift */ = {isa = PBXFileReference; fileEncoding = 4; lastKnownFileType = sourcecode.swift; path = EntryCreationForm.swift; sourceTree = "<group>"; };
		55A5AAE11ACD3C3C00BA6140 /* EntryEditForm.swift */ = {isa = PBXFileReference; fileEncoding = 4; lastKnownFileType = sourcecode.swift; path = EntryEditForm.swift; sourceTree = "<group>"; };
		55A5AAE31ACE5C8900BA6140 /* Alert.swift */ = {isa = PBXFileReference; fileEncoding = 4; lastKnownFileType = sourcecode.swift; path = Alert.swift; sourceTree = "<group>"; };
		55D016A01AABDC7500910B71 /* HTTP_Networking_sample_ios_swift.app */ = {isa = PBXFileReference; explicitFileType = wrapper.application; includeInIndex = 0; path = HTTP_Networking_sample_ios_swift.app; sourceTree = BUILT_PRODUCTS_DIR; };
		55D016A41AABDC7500910B71 /* Info.plist */ = {isa = PBXFileReference; lastKnownFileType = text.plist.xml; path = Info.plist; sourceTree = "<group>"; };
		55D016A51AABDC7500910B71 /* AppDelegate.swift */ = {isa = PBXFileReference; lastKnownFileType = sourcecode.swift; path = AppDelegate.swift; sourceTree = "<group>"; };
		55D016A71AABDC7500910B71 /* EntryListTableViewController.swift */ = {isa = PBXFileReference; lastKnownFileType = sourcecode.swift; path = EntryListTableViewController.swift; sourceTree = "<group>"; };
		55D016A91AABDC7500910B71 /* EntryDetailViewController.swift */ = {isa = PBXFileReference; lastKnownFileType = sourcecode.swift; path = EntryDetailViewController.swift; sourceTree = "<group>"; };
		55D016AE1AABDC7500910B71 /* Images.xcassets */ = {isa = PBXFileReference; lastKnownFileType = folder.assetcatalog; path = Images.xcassets; sourceTree = "<group>"; };
		55D016B11AABDC7500910B71 /* Base */ = {isa = PBXFileReference; lastKnownFileType = file.xib; name = Base; path = Base.lproj/LaunchScreen.xib; sourceTree = "<group>"; };
		55D016B71AABDC7500910B71 /* HTTP_Networking_sample_ios_swiftTests.xctest */ = {isa = PBXFileReference; explicitFileType = wrapper.cfbundle; includeInIndex = 0; path = HTTP_Networking_sample_ios_swiftTests.xctest; sourceTree = BUILT_PRODUCTS_DIR; };
		55D016BC1AABDC7500910B71 /* Info.plist */ = {isa = PBXFileReference; lastKnownFileType = text.plist.xml; path = Info.plist; sourceTree = "<group>"; };
		55D016BD1AABDC7500910B71 /* HTTP_Networking_sample_ios_swiftTests.swift */ = {isa = PBXFileReference; lastKnownFileType = sourcecode.swift; path = HTTP_Networking_sample_ios_swiftTests.swift; sourceTree = "<group>"; };
		55D016C91AABE41400910B71 /* Request.swift */ = {isa = PBXFileReference; fileEncoding = 4; lastKnownFileType = sourcecode.swift; path = Request.swift; sourceTree = "<group>"; };
		55D016CB1AABE5F800910B71 /* Entry.swift */ = {isa = PBXFileReference; fileEncoding = 4; lastKnownFileType = sourcecode.swift; path = Entry.swift; sourceTree = "<group>"; };
		F20A246B425C7F5D2EC138D3 /* Pods.debug.xcconfig */ = {isa = PBXFileReference; includeInIndex = 1; lastKnownFileType = text.xcconfig; name = Pods.debug.xcconfig; path = "Pods/Target Support Files/Pods/Pods.debug.xcconfig"; sourceTree = "<group>"; };
/* End PBXFileReference section */

/* Begin PBXFrameworksBuildPhase section */
		55D0169D1AABDC7500910B71 /* Frameworks */ = {
			isa = PBXFrameworksBuildPhase;
			buildActionMask = 2147483647;
			files = (
				7E054F26FFBFCC865DC9763A /* Pods.framework in Frameworks */,
			);
			runOnlyForDeploymentPostprocessing = 0;
		};
		55D016B41AABDC7500910B71 /* Frameworks */ = {
			isa = PBXFrameworksBuildPhase;
			buildActionMask = 2147483647;
			files = (
			);
			runOnlyForDeploymentPostprocessing = 0;
		};
/* End PBXFrameworksBuildPhase section */

/* Begin PBXGroup section */
		55A5AAC51ACD0FB200BA6140 /* DataSource */ = {
			isa = PBXGroup;
			children = (
				55A5AAC61ACD0FDF00BA6140 /* EntryListTableViewDataSource.swift */,
			);
			name = DataSource;
			sourceTree = "<group>";
		};
		55A5AAC81ACD14BB00BA6140 /* View */ = {
			isa = PBXGroup;
			children = (
				55A5AAC91ACD14EC00BA6140 /* EntryDetailView.swift */,
			);
			name = View;
			sourceTree = "<group>";
		};
		55A5AACB1ACD21F600BA6140 /* KHAForm */ = {
			isa = PBXGroup;
			children = (
				55A5AACC1ACD21F600BA6140 /* KHAButtonFormCell.swift */,
				55A5AACD1ACD21F600BA6140 /* KHADateFormCell.swift */,
				55A5AACE1ACD21F600BA6140 /* KHADatePickerFormCell.swift */,
				55A5AACF1ACD21F600BA6140 /* KHAForm.swift */,
				55A5AAD01ACD21F600BA6140 /* KHAFormCell.swift */,
				55A5AAD11ACD21F600BA6140 /* KHASegmentedControlFormCell.swift */,
				55A5AAD21ACD21F600BA6140 /* KHASwitchFormCell.swift */,
				55A5AAD31ACD21F600BA6140 /* KHATextFieldFormCell.swift */,
				55A5AAD41ACD21F600BA6140 /* KHATextViewFormCell.swift */,
			);
			path = KHAForm;
			sourceTree = "<group>";
		};
		55A5AADE1ACD21FA00BA6140 /* Library */ = {
			isa = PBXGroup;
			children = (
				55A5AACB1ACD21F600BA6140 /* KHAForm */,
			);
			name = Library;
			sourceTree = "<group>";
		};
		55D016971AABDC7500910B71 = {
			isa = PBXGroup;
			children = (
				55D016A21AABDC7500910B71 /* HTTP_Networking_sample_ios_swift */,
				55D016BA1AABDC7500910B71 /* HTTP_Networking_sample_ios_swiftTests */,
				55D016A11AABDC7500910B71 /* Products */,
				B59B95F6C42C68D60233DCA8 /* Pods */,
				72159202457EC7BC2D3C7E3C /* Frameworks */,
			);
			sourceTree = "<group>";
		};
		55D016A11AABDC7500910B71 /* Products */ = {
			isa = PBXGroup;
			children = (
				55D016A01AABDC7500910B71 /* HTTP_Networking_sample_ios_swift.app */,
				55D016B71AABDC7500910B71 /* HTTP_Networking_sample_ios_swiftTests.xctest */,
			);
			name = Products;
			sourceTree = "<group>";
		};
		55D016A21AABDC7500910B71 /* HTTP_Networking_sample_ios_swift */ = {
			isa = PBXGroup;
			children = (
				55D016A51AABDC7500910B71 /* AppDelegate.swift */,
				55D016C71AABE3E100910B71 /* Model */,
				55A5AAC81ACD14BB00BA6140 /* View */,
				55D016C81AABE3E700910B71 /* Controller */,
				55A5AAC51ACD0FB200BA6140 /* DataSource */,
				55A5AADE1ACD21FA00BA6140 /* Library */,
				55D016AE1AABDC7500910B71 /* Images.xcassets */,
				55D016B01AABDC7500910B71 /* LaunchScreen.xib */,
				55D016A31AABDC7500910B71 /* Supporting Files */,
			);
			path = HTTP_Networking_sample_ios_swift;
			sourceTree = "<group>";
		};
		55D016A31AABDC7500910B71 /* Supporting Files */ = {
			isa = PBXGroup;
			children = (
				55D016A41AABDC7500910B71 /* Info.plist */,
			);
			path = "Supporting Files";
			sourceTree = "<group>";
		};
		55D016BA1AABDC7500910B71 /* HTTP_Networking_sample_ios_swiftTests */ = {
			isa = PBXGroup;
			children = (
				55D016BD1AABDC7500910B71 /* HTTP_Networking_sample_ios_swiftTests.swift */,
				55D016BB1AABDC7500910B71 /* Supporting Files */,
			);
			path = HTTP_Networking_sample_ios_swiftTests;
			sourceTree = "<group>";
		};
		55D016BB1AABDC7500910B71 /* Supporting Files */ = {
			isa = PBXGroup;
			children = (
				55D016BC1AABDC7500910B71 /* Info.plist */,
			);
			path = "Supporting Files";
			sourceTree = "<group>";
		};
		55D016C71AABE3E100910B71 /* Model */ = {
			isa = PBXGroup;
			children = (
				55D016C91AABE41400910B71 /* Request.swift */,
				55D016CB1AABE5F800910B71 /* Entry.swift */,
				55A5AAE31ACE5C8900BA6140 /* Alert.swift */,
			);
			path = Model;
			sourceTree = "<group>";
		};
		55D016C81AABE3E700910B71 /* Controller */ = {
			isa = PBXGroup;
			children = (
				55D016A71AABDC7500910B71 /* EntryListTableViewController.swift */,
				55D016A91AABDC7500910B71 /* EntryDetailViewController.swift */,
				55A5AADF1ACD221D00BA6140 /* EntryCreationForm.swift */,
				55A5AAE11ACD3C3C00BA6140 /* EntryEditForm.swift */,
			);
			name = Controller;
			path = "View+Controller";
			sourceTree = "<group>";
		};
		72159202457EC7BC2D3C7E3C /* Frameworks */ = {
			isa = PBXGroup;
			children = (
				4E8CF50653382B768988926D /* Pods.framework */,
			);
			name = Frameworks;
			sourceTree = "<group>";
		};
		B59B95F6C42C68D60233DCA8 /* Pods */ = {
			isa = PBXGroup;
			children = (
				F20A246B425C7F5D2EC138D3 /* Pods.debug.xcconfig */,
				02FEB7F3244E93D038C9F074 /* Pods.release.xcconfig */,
			);
			name = Pods;
			sourceTree = "<group>";
		};
/* End PBXGroup section */

/* Begin PBXNativeTarget section */
		55D0169F1AABDC7500910B71 /* HTTP_Networking_sample_ios_swift */ = {
			isa = PBXNativeTarget;
			buildConfigurationList = 55D016C11AABDC7500910B71 /* Build configuration list for PBXNativeTarget "HTTP_Networking_sample_ios_swift" */;
			buildPhases = (
				A20118D64791226D0297F6DE /* Check Pods Manifest.lock */,
				55D0169C1AABDC7500910B71 /* Sources */,
				55D0169D1AABDC7500910B71 /* Frameworks */,
				55D0169E1AABDC7500910B71 /* Resources */,
				7E8C849FCBD50DA146191816 /* Embed Pods Frameworks */,
				BB8446896DCABC56BE25876E /* Copy Pods Resources */,
			);
			buildRules = (
			);
			dependencies = (
			);
			name = HTTP_Networking_sample_ios_swift;
			productName = HTTP_Networking_sample_ios_swift;
			productReference = 55D016A01AABDC7500910B71 /* HTTP_Networking_sample_ios_swift.app */;
			productType = "com.apple.product-type.application";
		};
		55D016B61AABDC7500910B71 /* HTTP_Networking_sample_ios_swiftTests */ = {
			isa = PBXNativeTarget;
			buildConfigurationList = 55D016C41AABDC7500910B71 /* Build configuration list for PBXNativeTarget "HTTP_Networking_sample_ios_swiftTests" */;
			buildPhases = (
				55D016B31AABDC7500910B71 /* Sources */,
				55D016B41AABDC7500910B71 /* Frameworks */,
				55D016B51AABDC7500910B71 /* Resources */,
			);
			buildRules = (
			);
			dependencies = (
				55D016B91AABDC7500910B71 /* PBXTargetDependency */,
			);
			name = HTTP_Networking_sample_ios_swiftTests;
			productName = HTTP_Networking_sample_ios_swiftTests;
			productReference = 55D016B71AABDC7500910B71 /* HTTP_Networking_sample_ios_swiftTests.xctest */;
			productType = "com.apple.product-type.bundle.unit-test";
		};
/* End PBXNativeTarget section */

/* Begin PBXProject section */
		55D016981AABDC7500910B71 /* Project object */ = {
			isa = PBXProject;
			attributes = {
				LastUpgradeCheck = 0610;
				ORGANIZATIONNAME = "Kohei Hayakawa";
				TargetAttributes = {
					55D0169F1AABDC7500910B71 = {
						CreatedOnToolsVersion = 6.1.1;
					};
					55D016B61AABDC7500910B71 = {
						CreatedOnToolsVersion = 6.1.1;
						TestTargetID = 55D0169F1AABDC7500910B71;
					};
				};
			};
			buildConfigurationList = 55D0169B1AABDC7500910B71 /* Build configuration list for PBXProject "HTTP_Networking_sample_ios_swift" */;
			compatibilityVersion = "Xcode 3.2";
			developmentRegion = English;
			hasScannedForEncodings = 0;
			knownRegions = (
				en,
				Base,
			);
			mainGroup = 55D016971AABDC7500910B71;
			productRefGroup = 55D016A11AABDC7500910B71 /* Products */;
			projectDirPath = "";
			projectRoot = "";
			targets = (
				55D0169F1AABDC7500910B71 /* HTTP_Networking_sample_ios_swift */,
				55D016B61AABDC7500910B71 /* HTTP_Networking_sample_ios_swiftTests */,
			);
		};
/* End PBXProject section */

/* Begin PBXResourcesBuildPhase section */
		55D0169E1AABDC7500910B71 /* Resources */ = {
			isa = PBXResourcesBuildPhase;
			buildActionMask = 2147483647;
			files = (
				55D016B21AABDC7500910B71 /* LaunchScreen.xib in Resources */,
				55D016AF1AABDC7500910B71 /* Images.xcassets in Resources */,
			);
			runOnlyForDeploymentPostprocessing = 0;
		};
		55D016B51AABDC7500910B71 /* Resources */ = {
			isa = PBXResourcesBuildPhase;
			buildActionMask = 2147483647;
			files = (
			);
			runOnlyForDeploymentPostprocessing = 0;
		};
/* End PBXResourcesBuildPhase section */

/* Begin PBXShellScriptBuildPhase section */
		7E8C849FCBD50DA146191816 /* Embed Pods Frameworks */ = {
			isa = PBXShellScriptBuildPhase;
			buildActionMask = 2147483647;
			files = (
			);
			inputPaths = (
			);
			name = "Embed Pods Frameworks";
			outputPaths = (
			);
			runOnlyForDeploymentPostprocessing = 0;
			shellPath = /bin/sh;
			shellScript = "\"${SRCROOT}/Pods/Target Support Files/Pods/Pods-frameworks.sh\"\n";
			showEnvVarsInLog = 0;
		};
		A20118D64791226D0297F6DE /* Check Pods Manifest.lock */ = {
			isa = PBXShellScriptBuildPhase;
			buildActionMask = 2147483647;
			files = (
			);
			inputPaths = (
			);
			name = "Check Pods Manifest.lock";
			outputPaths = (
			);
			runOnlyForDeploymentPostprocessing = 0;
			shellPath = /bin/sh;
			shellScript = "diff \"${PODS_ROOT}/../Podfile.lock\" \"${PODS_ROOT}/Manifest.lock\" > /dev/null\nif [[ $? != 0 ]] ; then\n    cat << EOM\nerror: The sandbox is not in sync with the Podfile.lock. Run 'pod install' or update your CocoaPods installation.\nEOM\n    exit 1\nfi\n";
			showEnvVarsInLog = 0;
		};
		BB8446896DCABC56BE25876E /* Copy Pods Resources */ = {
			isa = PBXShellScriptBuildPhase;
			buildActionMask = 2147483647;
			files = (
			);
			inputPaths = (
			);
			name = "Copy Pods Resources";
			outputPaths = (
			);
			runOnlyForDeploymentPostprocessing = 0;
			shellPath = /bin/sh;
			shellScript = "\"${SRCROOT}/Pods/Target Support Files/Pods/Pods-resources.sh\"\n";
			showEnvVarsInLog = 0;
		};
/* End PBXShellScriptBuildPhase section */

/* Begin PBXSourcesBuildPhase section */
		55D0169C1AABDC7500910B71 /* Sources */ = {
			isa = PBXSourcesBuildPhase;
			buildActionMask = 2147483647;
			files = (
				55A5AAD61ACD21F600BA6140 /* KHADateFormCell.swift in Sources */,
				55D016CC1AABE5F800910B71 /* Entry.swift in Sources */,
				55A5AAD71ACD21F600BA6140 /* KHADatePickerFormCell.swift in Sources */,
				55A5AAC71ACD0FDF00BA6140 /* EntryListTableViewDataSource.swift in Sources */,
				55A5AADC1ACD21F600BA6140 /* KHATextFieldFormCell.swift in Sources */,
				55A5AAE41ACE5C8900BA6140 /* Alert.swift in Sources */,
				55A5AADB1ACD21F600BA6140 /* KHASwitchFormCell.swift in Sources */,
				55D016AA1AABDC7500910B71 /* EntryDetailViewController.swift in Sources */,
				55A5AACA1ACD14EC00BA6140 /* EntryDetailView.swift in Sources */,
				55A5AADA1ACD21F600BA6140 /* KHASegmentedControlFormCell.swift in Sources */,
				55D016CA1AABE41400910B71 /* Request.swift in Sources */,
				55A5AAE21ACD3C3C00BA6140 /* EntryEditForm.swift in Sources */,
				55D016A81AABDC7500910B71 /* EntryListTableViewController.swift in Sources */,
				55A5AAE01ACD221D00BA6140 /* EntryCreationForm.swift in Sources */,
				55A5AAD91ACD21F600BA6140 /* KHAFormCell.swift in Sources */,
				55A5AADD1ACD21F600BA6140 /* KHATextViewFormCell.swift in Sources */,
				55A5AAD51ACD21F600BA6140 /* KHAButtonFormCell.swift in Sources */,
				55D016A61AABDC7500910B71 /* AppDelegate.swift in Sources */,
				55A5AAD81ACD21F600BA6140 /* KHAForm.swift in Sources */,
			);
			runOnlyForDeploymentPostprocessing = 0;
		};
		55D016B31AABDC7500910B71 /* Sources */ = {
			isa = PBXSourcesBuildPhase;
			buildActionMask = 2147483647;
			files = (
				55D016BE1AABDC7500910B71 /* HTTP_Networking_sample_ios_swiftTests.swift in Sources */,
			);
			runOnlyForDeploymentPostprocessing = 0;
		};
/* End PBXSourcesBuildPhase section */

/* Begin PBXTargetDependency section */
		55D016B91AABDC7500910B71 /* PBXTargetDependency */ = {
			isa = PBXTargetDependency;
			target = 55D0169F1AABDC7500910B71 /* HTTP_Networking_sample_ios_swift */;
			targetProxy = 55D016B81AABDC7500910B71 /* PBXContainerItemProxy */;
		};
/* End PBXTargetDependency section */

/* Begin PBXVariantGroup section */
		55D016B01AABDC7500910B71 /* LaunchScreen.xib */ = {
			isa = PBXVariantGroup;
			children = (
				55D016B11AABDC7500910B71 /* Base */,
			);
			name = LaunchScreen.xib;
			path = .;
			sourceTree = "<group>";
		};
/* End PBXVariantGroup section */

/* Begin XCBuildConfiguration section */
		55D016BF1AABDC7500910B71 /* Debug */ = {
			isa = XCBuildConfiguration;
			buildSettings = {
				ALWAYS_SEARCH_USER_PATHS = NO;
				CLANG_CXX_LANGUAGE_STANDARD = "gnu++0x";
				CLANG_CXX_LIBRARY = "libc++";
				CLANG_ENABLE_MODULES = YES;
				CLANG_ENABLE_OBJC_ARC = YES;
				CLANG_WARN_BOOL_CONVERSION = YES;
				CLANG_WARN_CONSTANT_CONVERSION = YES;
				CLANG_WARN_DIRECT_OBJC_ISA_USAGE = YES_ERROR;
				CLANG_WARN_EMPTY_BODY = YES;
				CLANG_WARN_ENUM_CONVERSION = YES;
				CLANG_WARN_INT_CONVERSION = YES;
				CLANG_WARN_OBJC_ROOT_CLASS = YES_ERROR;
				CLANG_WARN_UNREACHABLE_CODE = YES;
				CLANG_WARN__DUPLICATE_METHOD_MATCH = YES;
				"CODE_SIGN_IDENTITY[sdk=iphoneos*]" = "iPhone Developer";
				COPY_PHASE_STRIP = NO;
				ENABLE_STRICT_OBJC_MSGSEND = YES;
				GCC_C_LANGUAGE_STANDARD = gnu99;
				GCC_DYNAMIC_NO_PIC = NO;
				GCC_OPTIMIZATION_LEVEL = 0;
				GCC_PREPROCESSOR_DEFINITIONS = (
					"DEBUG=1",
					"$(inherited)",
				);
				GCC_SYMBOLS_PRIVATE_EXTERN = NO;
				GCC_WARN_64_TO_32_BIT_CONVERSION = YES;
				GCC_WARN_ABOUT_RETURN_TYPE = YES_ERROR;
				GCC_WARN_UNDECLARED_SELECTOR = YES;
				GCC_WARN_UNINITIALIZED_AUTOS = YES_AGGRESSIVE;
				GCC_WARN_UNUSED_FUNCTION = YES;
				GCC_WARN_UNUSED_VARIABLE = YES;
				IPHONEOS_DEPLOYMENT_TARGET = 8.1;
				MTL_ENABLE_DEBUG_INFO = YES;
				ONLY_ACTIVE_ARCH = YES;
				SDKROOT = iphoneos;
				SWIFT_OPTIMIZATION_LEVEL = "-Onone";
			};
			name = Debug;
		};
		55D016C01AABDC7500910B71 /* Release */ = {
			isa = XCBuildConfiguration;
			buildSettings = {
				ALWAYS_SEARCH_USER_PATHS = NO;
				CLANG_CXX_LANGUAGE_STANDARD = "gnu++0x";
				CLANG_CXX_LIBRARY = "libc++";
				CLANG_ENABLE_MODULES = YES;
				CLANG_ENABLE_OBJC_ARC = YES;
				CLANG_WARN_BOOL_CONVERSION = YES;
				CLANG_WARN_CONSTANT_CONVERSION = YES;
				CLANG_WARN_DIRECT_OBJC_ISA_USAGE = YES_ERROR;
				CLANG_WARN_EMPTY_BODY = YES;
				CLANG_WARN_ENUM_CONVERSION = YES;
				CLANG_WARN_INT_CONVERSION = YES;
				CLANG_WARN_OBJC_ROOT_CLASS = YES_ERROR;
				CLANG_WARN_UNREACHABLE_CODE = YES;
				CLANG_WARN__DUPLICATE_METHOD_MATCH = YES;
				"CODE_SIGN_IDENTITY[sdk=iphoneos*]" = "iPhone Developer";
				COPY_PHASE_STRIP = YES;
				ENABLE_NS_ASSERTIONS = NO;
				ENABLE_STRICT_OBJC_MSGSEND = YES;
				GCC_C_LANGUAGE_STANDARD = gnu99;
				GCC_WARN_64_TO_32_BIT_CONVERSION = YES;
				GCC_WARN_ABOUT_RETURN_TYPE = YES_ERROR;
				GCC_WARN_UNDECLARED_SELECTOR = YES;
				GCC_WARN_UNINITIALIZED_AUTOS = YES_AGGRESSIVE;
				GCC_WARN_UNUSED_FUNCTION = YES;
				GCC_WARN_UNUSED_VARIABLE = YES;
				IPHONEOS_DEPLOYMENT_TARGET = 8.1;
				MTL_ENABLE_DEBUG_INFO = NO;
				SDKROOT = iphoneos;
				VALIDATE_PRODUCT = YES;
			};
			name = Release;
		};
		55D016C21AABDC7500910B71 /* Debug */ = {
			isa = XCBuildConfiguration;
			baseConfigurationReference = F20A246B425C7F5D2EC138D3 /* Pods.debug.xcconfig */;
			buildSettings = {
				ASSETCATALOG_COMPILER_APPICON_NAME = AppIcon;
				INFOPLIST_FILE = "HTTP_Networking_sample_ios_swift/Supporting Files/Info.plist";
				LD_RUNPATH_SEARCH_PATHS = "$(inherited) @executable_path/Frameworks";
				PRODUCT_NAME = "$(TARGET_NAME)";
			};
			name = Debug;
		};
		55D016C31AABDC7500910B71 /* Release */ = {
			isa = XCBuildConfiguration;
			baseConfigurationReference = 02FEB7F3244E93D038C9F074 /* Pods.release.xcconfig */;
			buildSettings = {
				ASSETCATALOG_COMPILER_APPICON_NAME = AppIcon;
				INFOPLIST_FILE = "HTTP_Networking_sample_ios_swift/Supporting Files/Info.plist";
				LD_RUNPATH_SEARCH_PATHS = "$(inherited) @executable_path/Frameworks";
				PRODUCT_NAME = "$(TARGET_NAME)";
			};
			name = Release;
		};
		55D016C51AABDC7500910B71 /* Debug */ = {
			isa = XCBuildConfiguration;
			buildSettings = {
				BUNDLE_LOADER = "$(TEST_HOST)";
				FRAMEWORK_SEARCH_PATHS = (
					"$(SDKROOT)/Developer/Library/Frameworks",
					"$(inherited)",
				);
				GCC_PREPROCESSOR_DEFINITIONS = (
					"DEBUG=1",
					"$(inherited)",
				);
				INFOPLIST_FILE = "HTTP_Networking_sample_ios_swiftTests/Supporting Files/Info.plist";
				LD_RUNPATH_SEARCH_PATHS = "$(inherited) @executable_path/Frameworks @loader_path/Frameworks";
				PRODUCT_NAME = "$(TARGET_NAME)";
				TEST_HOST = "$(BUILT_PRODUCTS_DIR)/HTTP_Networking_sample_ios_swift.app/HTTP_Networking_sample_ios_swift";
			};
			name = Debug;
		};
		55D016C61AABDC7500910B71 /* Release */ = {
			isa = XCBuildConfiguration;
			buildSettings = {
				BUNDLE_LOADER = "$(TEST_HOST)";
				FRAMEWORK_SEARCH_PATHS = (
					"$(SDKROOT)/Developer/Library/Frameworks",
					"$(inherited)",
				);
				INFOPLIST_FILE = "HTTP_Networking_sample_ios_swiftTests/Supporting Files/Info.plist";
				LD_RUNPATH_SEARCH_PATHS = "$(inherited) @executable_path/Frameworks @loader_path/Frameworks";
				PRODUCT_NAME = "$(TARGET_NAME)";
				TEST_HOST = "$(BUILT_PRODUCTS_DIR)/HTTP_Networking_sample_ios_swift.app/HTTP_Networking_sample_ios_swift";
			};
			name = Release;
		};
/* End XCBuildConfiguration section */

/* Begin XCConfigurationList section */
		55D0169B1AABDC7500910B71 /* Build configuration list for PBXProject "HTTP_Networking_sample_ios_swift" */ = {
			isa = XCConfigurationList;
			buildConfigurations = (
				55D016BF1AABDC7500910B71 /* Debug */,
				55D016C01AABDC7500910B71 /* Release */,
			);
			defaultConfigurationIsVisible = 0;
			defaultConfigurationName = Release;
		};
		55D016C11AABDC7500910B71 /* Build configuration list for PBXNativeTarget "HTTP_Networking_sample_ios_swift" */ = {
			isa = XCConfigurationList;
			buildConfigurations = (
				55D016C21AABDC7500910B71 /* Debug */,
				55D016C31AABDC7500910B71 /* Release */,
			);
			defaultConfigurationIsVisible = 0;
			defaultConfigurationName = Release;
		};
		55D016C41AABDC7500910B71 /* Build configuration list for PBXNativeTarget "HTTP_Networking_sample_ios_swiftTests" */ = {
			isa = XCConfigurationList;
			buildConfigurations = (
				55D016C51AABDC7500910B71 /* Debug */,
				55D016C61AABDC7500910B71 /* Release */,
			);
			defaultConfigurationIsVisible = 0;
			defaultConfigurationName = Release;
		};
/* End XCConfigurationList section */
	};
	rootObject = 55D016981AABDC7500910B71 /* Project object */;
}
